// !$*UTF8*$!
{
	archiveVersion = 1;
	classes = {
	};
	objectVersion = 46;
	objects = {

/* Begin PBXBuildFile section */
		4236897519B3206700CDC7E0 /* AppDelegate.swift in Sources */ = {isa = PBXBuildFile; fileRef = 4236897419B3206700CDC7E0 /* AppDelegate.swift */; };
		4236897719B3206700CDC7E0 /* ViewController.swift in Sources */ = {isa = PBXBuildFile; fileRef = 4236897619B3206700CDC7E0 /* ViewController.swift */; };
		4236897A19B3206700CDC7E0 /* Main.storyboard in Resources */ = {isa = PBXBuildFile; fileRef = 4236897819B3206700CDC7E0 /* Main.storyboard */; };
		4236897C19B3206700CDC7E0 /* Images.xcassets in Resources */ = {isa = PBXBuildFile; fileRef = 4236897B19B3206700CDC7E0 /* Images.xcassets */; };
		4236898819B3206700CDC7E0 /* iSYSULibraryTests.swift in Sources */ = {isa = PBXBuildFile; fileRef = 4236898719B3206700CDC7E0 /* iSYSULibraryTests.swift */; };
/* End PBXBuildFile section */

/* Begin PBXContainerItemProxy section */
		4236898219B3206700CDC7E0 /* PBXContainerItemProxy */ = {
			isa = PBXContainerItemProxy;
			containerPortal = 4236896719B3206700CDC7E0 /* Project object */;
			proxyType = 1;
			remoteGlobalIDString = 4236896E19B3206700CDC7E0;
			remoteInfo = iSYSULibrary;
		};
/* End PBXContainerItemProxy section */

/* Begin PBXFileReference section */
		4236896F19B3206700CDC7E0 /* iSYSULibrary.app */ = {isa = PBXFileReference; explicitFileType = wrapper.application; includeInIndex = 0; path = iSYSULibrary.app; sourceTree = BUILT_PRODUCTS_DIR; };
		4236897319B3206700CDC7E0 /* Info.plist */ = {isa = PBXFileReference; lastKnownFileType = text.plist.xml; path = Info.plist; sourceTree = "<group>"; };
		4236897419B3206700CDC7E0 /* AppDelegate.swift */ = {isa = PBXFileReference; lastKnownFileType = sourcecode.swift; path = AppDelegate.swift; sourceTree = "<group>"; };
		4236897619B3206700CDC7E0 /* ViewController.swift */ = {isa = PBXFileReference; lastKnownFileType = sourcecode.swift; path = ViewController.swift; sourceTree = "<group>"; };
		4236897919B3206700CDC7E0 /* Base */ = {isa = PBXFileReference; lastKnownFileType = file.storyboard; name = Base; path = Base.lproj/Main.storyboard; sourceTree = "<group>"; };
		4236897B19B3206700CDC7E0 /* Images.xcassets */ = {isa = PBXFileReference; lastKnownFileType = folder.assetcatalog; path = Images.xcassets; sourceTree = "<group>"; };
		4236898119B3206700CDC7E0 /* iSYSULibraryTests.xctest */ = {isa = PBXFileReference; explicitFileType = wrapper.cfbundle; includeInIndex = 0; path = iSYSULibraryTests.xctest; sourceTree = BUILT_PRODUCTS_DIR; };
		4236898619B3206700CDC7E0 /* Info.plist */ = {isa = PBXFileReference; lastKnownFileType = text.plist.xml; path = Info.plist; sourceTree = "<group>"; };
		4236898719B3206700CDC7E0 /* iSYSULibraryTests.swift */ = {isa = PBXFileReference; lastKnownFileType = sourcecode.swift; path = iSYSULibraryTests.swift; sourceTree = "<group>"; };
/* End PBXFileReference section */

/* Begin PBXFrameworksBuildPhase section */
		4236896C19B3206700CDC7E0 /* Frameworks */ = {
			isa = PBXFrameworksBuildPhase;
			buildActionMask = 2147483647;
			files = (
			);
			runOnlyForDeploymentPostprocessing = 0;
		};
		4236897E19B3206700CDC7E0 /* Frameworks */ = {
			isa = PBXFrameworksBuildPhase;
			buildActionMask = 2147483647;
			files = (
			);
			runOnlyForDeploymentPostprocessing = 0;
		};
/* End PBXFrameworksBuildPhase section */

/* Begin PBXGroup section */
		4236896619B3206700CDC7E0 = {
			isa = PBXGroup;
			children = (
				4236897119B3206700CDC7E0 /* iSYSULibrary */,
				4236898419B3206700CDC7E0 /* iSYSULibraryTests */,
				4236897019B3206700CDC7E0 /* Products */,
			);
			sourceTree = "<group>";
		};
		4236897019B3206700CDC7E0 /* Products */ = {
			isa = PBXGroup;
			children = (
				4236896F19B3206700CDC7E0 /* iSYSULibrary.app */,
				4236898119B3206700CDC7E0 /* iSYSULibraryTests.xctest */,
			);
			name = Products;
			sourceTree = "<group>";
		};
		4236897119B3206700CDC7E0 /* iSYSULibrary */ = {
			isa = PBXGroup;
			children = (
				4236897419B3206700CDC7E0 /* AppDelegate.swift */,
				4236897819B3206700CDC7E0 /* Main.storyboard */,
				42C246B319B32DAC00648CFC /* Model */,
				42C246B219B32DA800648CFC /* View */,
				42C246B119B32DA100648CFC /* Controller */,
				4236897B19B3206700CDC7E0 /* Images.xcassets */,
				4236897219B3206700CDC7E0 /* Supporting Files */,
			);
			path = iSYSULibrary;
			sourceTree = "<group>";
		};
		4236897219B3206700CDC7E0 /* Supporting Files */ = {
			isa = PBXGroup;
			children = (
				4236897319B3206700CDC7E0 /* Info.plist */,
			);
			name = "Supporting Files";
			sourceTree = "<group>";
		};
		4236898419B3206700CDC7E0 /* iSYSULibraryTests */ = {
			isa = PBXGroup;
			children = (
				4236898719B3206700CDC7E0 /* iSYSULibraryTests.swift */,
				4236898519B3206700CDC7E0 /* Supporting Files */,
			);
			path = iSYSULibraryTests;
			sourceTree = "<group>";
		};
		4236898519B3206700CDC7E0 /* Supporting Files */ = {
			isa = PBXGroup;
			children = (
				4236898619B3206700CDC7E0 /* Info.plist */,
			);
			name = "Supporting Files";
			sourceTree = "<group>";
		};
		42C246B119B32DA100648CFC /* Controller */ = {
			isa = PBXGroup;
			children = (
				4236897619B3206700CDC7E0 /* ViewController.swift */,
			);
			name = Controller;
			sourceTree = "<group>";
		};
		42C246B219B32DA800648CFC /* View */ = {
			isa = PBXGroup;
			children = (
			);
			name = View;
			sourceTree = "<group>";
		};
		42C246B319B32DAC00648CFC /* Model */ = {
			isa = PBXGroup;
			children = (
			);
			name = Model;
			sourceTree = "<group>";
		};
/* End PBXGroup section */

/* Begin PBXNativeTarget section */
		4236896E19B3206700CDC7E0 /* iSYSULibrary */ = {
			isa = PBXNativeTarget;
			buildConfigurationList = 4236898B19B3206700CDC7E0 /* Build configuration list for PBXNativeTarget "iSYSULibrary" */;
			buildPhases = (
				4236896B19B3206700CDC7E0 /* Sources */,
				4236896C19B3206700CDC7E0 /* Frameworks */,
				4236896D19B3206700CDC7E0 /* Resources */,
			);
			buildRules = (
			);
			dependencies = (
			);
			name = iSYSULibrary;
			productName = iSYSULibrary;
			productReference = 4236896F19B3206700CDC7E0 /* iSYSULibrary.app */;
			productType = "com.apple.product-type.application";
		};
		4236898019B3206700CDC7E0 /* iSYSULibraryTests */ = {
			isa = PBXNativeTarget;
			buildConfigurationList = 4236898E19B3206700CDC7E0 /* Build configuration list for PBXNativeTarget "iSYSULibraryTests" */;
			buildPhases = (
				4236897D19B3206700CDC7E0 /* Sources */,
				4236897E19B3206700CDC7E0 /* Frameworks */,
				4236897F19B3206700CDC7E0 /* Resources */,
			);
			buildRules = (
			);
			dependencies = (
				4236898319B3206700CDC7E0 /* PBXTargetDependency */,
			);
			name = iSYSULibraryTests;
			productName = iSYSULibraryTests;
			productReference = 4236898119B3206700CDC7E0 /* iSYSULibraryTests.xctest */;
			productType = "com.apple.product-type.bundle.unit-test";
		};
/* End PBXNativeTarget section */

/* Begin PBXProject section */
		4236896719B3206700CDC7E0 /* Project object */ = {
			isa = PBXProject;
			attributes = {
				LastUpgradeCheck = 0600;
				ORGANIZATIONNAME = Alaysh;
				TargetAttributes = {
					4236896E19B3206700CDC7E0 = {
						CreatedOnToolsVersion = 6.0;
					};
					4236898019B3206700CDC7E0 = {
						CreatedOnToolsVersion = 6.0;
						TestTargetID = 4236896E19B3206700CDC7E0;
					};
				};
			};
			buildConfigurationList = 4236896A19B3206700CDC7E0 /* Build configuration list for PBXProject "iSYSULibrary" */;
			compatibilityVersion = "Xcode 3.2";
			developmentRegion = English;
			hasScannedForEncodings = 0;
			knownRegions = (
				en,
				Base,
			);
			mainGroup = 4236896619B3206700CDC7E0;
			productRefGroup = 4236897019B3206700CDC7E0 /* Products */;
			projectDirPath = "";
			projectRoot = "";
			targets = (
				4236896E19B3206700CDC7E0 /* iSYSULibrary */,
				4236898019B3206700CDC7E0 /* iSYSULibraryTests */,
			);
		};
/* End PBXProject section */

/* Begin PBXResourcesBuildPhase section */
		4236896D19B3206700CDC7E0 /* Resources */ = {
			isa = PBXResourcesBuildPhase;
			buildActionMask = 2147483647;
			files = (
				4236897A19B3206700CDC7E0 /* Main.storyboard in Resources */,
				4236897C19B3206700CDC7E0 /* Images.xcassets in Resources */,
			);
			runOnlyForDeploymentPostprocessing = 0;
		};
		4236897F19B3206700CDC7E0 /* Resources */ = {
			isa = PBXResourcesBuildPhase;
			buildActionMask = 2147483647;
			files = (
			);
			runOnlyForDeploymentPostprocessing = 0;
		};
/* End PBXResourcesBuildPhase section */

/* Begin PBXSourcesBuildPhase section */
		4236896B19B3206700CDC7E0 /* Sources */ = {
			isa = PBXSourcesBuildPhase;
			buildActionMask = 2147483647;
			files = (
				4236897719B3206700CDC7E0 /* ViewController.swift in Sources */,
				4236897519B3206700CDC7E0 /* AppDelegate.swift in Sources */,
			);
			runOnlyForDeploymentPostprocessing = 0;
		};
		4236897D19B3206700CDC7E0 /* Sources */ = {
			isa = PBXSourcesBuildPhase;
			buildActionMask = 2147483647;
			files = (
				4236898819B3206700CDC7E0 /* iSYSULibraryTests.swift in Sources */,
			);
			runOnlyForDeploymentPostprocessing = 0;
		};
/* End PBXSourcesBuildPhase section */

/* Begin PBXTargetDependency section */
		4236898319B3206700CDC7E0 /* PBXTargetDependency */ = {
			isa = PBXTargetDependency;
			target = 4236896E19B3206700CDC7E0 /* iSYSULibrary */;
			targetProxy = 4236898219B3206700CDC7E0 /* PBXContainerItemProxy */;
		};
/* End PBXTargetDependency section */

/* Begin PBXVariantGroup section */
		4236897819B3206700CDC7E0 /* Main.storyboard */ = {
			isa = PBXVariantGroup;
			children = (
				4236897919B3206700CDC7E0 /* Base */,
			);
			name = Main.storyboard;
			sourceTree = "<group>";
		};
/* End PBXVariantGroup section */

/* Begin XCBuildConfiguration section */
		4236898919B3206700CDC7E0 /* Debug */ = {
			isa = XCBuildConfiguration;
			buildSettings = {
				ALWAYS_SEARCH_USER_PATHS = NO;
				CLANG_CXX_LANGUAGE_STANDARD = "gnu++0x";
				CLANG_CXX_LIBRARY = "libc++";
				CLANG_ENABLE_MODULES = YES;
				CLANG_ENABLE_OBJC_ARC = YES;
				CLANG_WARN_BOOL_CONVERSION = YES;
				CLANG_WARN_CONSTANT_CONVERSION = YES;
				CLANG_WARN_DIRECT_OBJC_ISA_USAGE = YES_ERROR;
				CLANG_WARN_EMPTY_BODY = YES;
				CLANG_WARN_ENUM_CONVERSION = YES;
				CLANG_WARN_INT_CONVERSION = YES;
				CLANG_WARN_OBJC_ROOT_CLASS = YES_ERROR;
				CLANG_WARN_UNREACHABLE_CODE = YES;
				CLANG_WARN__DUPLICATE_METHOD_MATCH = YES;
				"CODE_SIGN_IDENTITY[sdk=iphoneos*]" = "iPhone Developer";
				COPY_PHASE_STRIP = NO;
				ENABLE_STRICT_OBJC_MSGSEND = YES;
				GCC_C_LANGUAGE_STANDARD = gnu99;
				GCC_DYNAMIC_NO_PIC = NO;
				GCC_OPTIMIZATION_LEVEL = 0;
				GCC_PREPROCESSOR_DEFINITIONS = (
					"DEBUG=1",
					"$(inherited)",
				);
				GCC_SYMBOLS_PRIVATE_EXTERN = NO;
				GCC_WARN_64_TO_32_BIT_CONVERSION = YES;
				GCC_WARN_ABOUT_RETURN_TYPE = YES_ERROR;
				GCC_WARN_UNDECLARED_SELECTOR = YES;
				GCC_WARN_UNINITIALIZED_AUTOS = YES_AGGRESSIVE;
				GCC_WARN_UNUSED_FUNCTION = YES;
				GCC_WARN_UNUSED_VARIABLE = YES;
				IPHONEOS_DEPLOYMENT_TARGET = 8.0;
				MTL_ENABLE_DEBUG_INFO = YES;
				ONLY_ACTIVE_ARCH = YES;
				SDKROOT = iphoneos;
				SWIFT_OPTIMIZATION_LEVEL = "-Onone";
				TARGETED_DEVICE_FAMILY = "1,2";
			};
			name = Debug;
		};
		4236898A19B3206700CDC7E0 /* Release */ = {
			isa = XCBuildConfiguration;
			buildSettings = {
				ALWAYS_SEARCH_USER_PATHS = NO;
				CLANG_CXX_LANGUAGE_STANDARD = "gnu++0x";
				CLANG_CXX_LIBRARY = "libc++";
				CLANG_ENABLE_MODULES = YES;
				CLANG_ENABLE_OBJC_ARC = YES;
				CLANG_WARN_BOOL_CONVERSION = YES;
				CLANG_WARN_CONSTANT_CONVERSION = YES;
				CLANG_WARN_DIRECT_OBJC_ISA_USAGE = YES_ERROR;
				CLANG_WARN_EMPTY_BODY = YES;
				CLANG_WARN_ENUM_CONVERSION = YES;
				CLANG_WARN_INT_CONVERSION = YES;
				CLANG_WARN_OBJC_ROOT_CLASS = YES_ERROR;
				CLANG_WARN_UNREACHABLE_CODE = YES;
				CLANG_WARN__DUPLICATE_METHOD_MATCH = YES;
				"CODE_SIGN_IDENTITY[sdk=iphoneos*]" = "iPhone Developer";
				COPY_PHASE_STRIP = YES;
				ENABLE_NS_ASSERTIONS = NO;
				ENABLE_STRICT_OBJC_MSGSEND = YES;
				GCC_C_LANGUAGE_STANDARD = gnu99;
				GCC_WARN_64_TO_32_BIT_CONVERSION = YES;
				GCC_WARN_ABOUT_RETURN_TYPE = YES_ERROR;
				GCC_WARN_UNDECLARED_SELECTOR = YES;
				GCC_WARN_UNINITIALIZED_AUTOS = YES_AGGRESSIVE;
				GCC_WARN_UNUSED_FUNCTION = YES;
				GCC_WARN_UNUSED_VARIABLE = YES;
				IPHONEOS_DEPLOYMENT_TARGET = 8.0;
				MTL_ENABLE_DEBUG_INFO = NO;
				SDKROOT = iphoneos;
				TARGETED_DEVICE_FAMILY = "1,2";
				VALIDATE_PRODUCT = YES;
			};
			name = Release;
		};
		4236898C19B3206700CDC7E0 /* Debug */ = {
			isa = XCBuildConfiguration;
			buildSettings = {
				ASSETCATALOG_COMPILER_APPICON_NAME = AppIcon;
				ASSETCATALOG_COMPILER_LAUNCHIMAGE_NAME = LaunchImage;
				INFOPLIST_FILE = iSYSULibrary/Info.plist;
				LD_RUNPATH_SEARCH_PATHS = "$(inherited) @executable_path/Frameworks";
				PRODUCT_NAME = "$(TARGET_NAME)";
				TARGETED_DEVICE_FAMILY = "1,2";
			};
			name = Debug;
		};
		4236898D19B3206700CDC7E0 /* Release */ = {
			isa = XCBuildConfiguration;
			buildSettings = {
				ASSETCATALOG_COMPILER_APPICON_NAME = AppIcon;
				ASSETCATALOG_COMPILER_LAUNCHIMAGE_NAME = LaunchImage;
				INFOPLIST_FILE = iSYSULibrary/Info.plist;
				LD_RUNPATH_SEARCH_PATHS = "$(inherited) @executable_path/Frameworks";
				PRODUCT_NAME = "$(TARGET_NAME)";
				TARGETED_DEVICE_FAMILY = "1,2";
			};
			name = Release;
		};
		4236898F19B3206700CDC7E0 /* Debug */ = {
			isa = XCBuildConfiguration;
			buildSettings = {
				BUNDLE_LOADER = "$(TEST_HOST)";
				FRAMEWORK_SEARCH_PATHS = (
					"$(SDKROOT)/Developer/Library/Frameworks",
					"$(inherited)",
				);
				GCC_PREPROCESSOR_DEFINITIONS = (
					"DEBUG=1",
					"$(inherited)",
				);
				INFOPLIST_FILE = iSYSULibraryTests/Info.plist;
				LD_RUNPATH_SEARCH_PATHS = "$(inherited) @executable_path/Frameworks @loader_path/Frameworks";
				PRODUCT_NAME = "$(TARGET_NAME)";
				TEST_HOST = "$(BUILT_PRODUCTS_DIR)/iSYSULibrary.app/iSYSULibrary";
			};
			name = Debug;
		};
		4236899019B3206700CDC7E0 /* Release */ = {
			isa = XCBuildConfiguration;
			buildSettings = {
				BUNDLE_LOADER = "$(TEST_HOST)";
				FRAMEWORK_SEARCH_PATHS = (
					"$(SDKROOT)/Developer/Library/Frameworks",
					"$(inherited)",
				);
				INFOPLIST_FILE = iSYSULibraryTests/Info.plist;
				LD_RUNPATH_SEARCH_PATHS = "$(inherited) @executable_path/Frameworks @loader_path/Frameworks";
				PRODUCT_NAME = "$(TARGET_NAME)";
				TEST_HOST = "$(BUILT_PRODUCTS_DIR)/iSYSULibrary.app/iSYSULibrary";
			};
			name = Release;
		};
/* End XCBuildConfiguration section */

/* Begin XCConfigurationList section */
		4236896A19B3206700CDC7E0 /* Build configuration list for PBXProject "iSYSULibrary" */ = {
			isa = XCConfigurationList;
			buildConfigurations = (
				4236898919B3206700CDC7E0 /* Debug */,
				4236898A19B3206700CDC7E0 /* Release */,
			);
			defaultConfigurationIsVisible = 0;
			defaultConfigurationName = Release;
		};
		4236898B19B3206700CDC7E0 /* Build configuration list for PBXNativeTarget "iSYSULibrary" */ = {
			isa = XCConfigurationList;
			buildConfigurations = (
				4236898C19B3206700CDC7E0 /* Debug */,
				4236898D19B3206700CDC7E0 /* Release */,
			);
			defaultConfigurationIsVisible = 0;
			defaultConfigurationName = Release;
		};
		4236898E19B3206700CDC7E0 /* Build configuration list for PBXNativeTarget "iSYSULibraryTests" */ = {
			isa = XCConfigurationList;
			buildConfigurations = (
				4236898F19B3206700CDC7E0 /* Debug */,
				4236899019B3206700CDC7E0 /* Release */,
			);
			defaultConfigurationIsVisible = 0;
			defaultConfigurationName = Release;
		};
/* End XCConfigurationList section */
	};
	rootObject = 4236896719B3206700CDC7E0 /* Project object */;
}
